lockfileVersion: '9.0'

settings:
  autoInstallPeers: true
  excludeLinksFromLockfile: false

importers:

  .:
    dependencies:
      aws-cdk-lib:
        specifier: 2.271.0
        version: 2.271.0(constructs@10.8.1)
      constructs:
        specifier: 10.8.1
        version: 10.8.1
    devDependencies:
      aws-cdk:
        specifier: 2.1143.0
        version: 2.1143.0

packages:

  '@aws-cdk/asset-awscli-v1@2.2.292':
    resolution: {integrity: sha512-d4aMFsAFj19FtxVyw8IzlUKv5Zu4sIvgnEjI2IU6IWBJgVbJ4aFnadANqYa+6MwB1CQbGOg0jh8WE77M+Nb/9A==}

  '@aws-cdk/asset-node-proxy-agent-v6@2.1.3':
    resolution: {integrity: sha512-98We1QWfin9vtuuQtNFhIIAEWb8CreyYTAP0Vn8HqSBoNiFJM9nZgifJeQawT9Wq0NX1HCNFlxCyTccIrK1PSA==}

  '@aws-cdk/cloud-assembly-schema@54.25.0':
    resolution: {integrity: sha512-aZkzPqWLg1Oozm53NeyrBZPguTq3e6v7NpQ3QOGULj0IIrodLzGPM7fmAvjcJcHzjtuZU9IP1gIY92nKIM+Bvw==}
    engines: {node: '>= 18.0.0'}
    bundledDependencies:
      - jsonschema
      - semver

  aws-cdk-lib@2.271.0:
    resolution: {integrity: sha512-VdLda/mCneNUZkfKIYiTYSCbDdGaTmH9uhfGs5TYIfvIqKuyUcZK6S7+LaF+pRhkNnbTGgKqvCqRIMemZOvCnA==}
    engines: {node: '>= 20.0.0'}
    peerDependencies:
      constructs: ^10.5.0
    bundledDependencies:
      - '@aws/cloudformation-validate'
      - '@balena/dockerignore'
      - '@aws-cdk/cloud-assembly-api'
      - case
      - fs-extra
      - ignore
      - jsonschema
      - minimatch
      - punycode
      - semver
      - yaml
      - mime-types

  aws-cdk@2.1143.0:
    resolution: {integrity: sha512-bTbgEmNuN6UMDAyhGFWOAnriafSu7j0cAjaFKRw1/WEs6RE5g062D2v2+YE8Dw6qw7RgNGQPH5Nv47TsK5kZSQ==}
    engines: {node: '>= 18.0.0'}
    hasBin: true

  constructs@10.8.1:
    resolution: {integrity: sha512-98yGXYyhePqPYh3cYu8nzBERmAhC0DONe3UD03okK0nehZ7hYP4wgZuf02a04+uOWxnTJ5Rpp5m0GRNpwyLGGA==}

snapshots:

  '@aws-cdk/asset-awscli-v1@2.2.292': {}

  '@aws-cdk/asset-node-proxy-agent-v6@2.1.3': {}

  '@aws-cdk/cloud-assembly-schema@54.25.0': {}

  aws-cdk-lib@2.271.0(constructs@10.8.1):
    dependencies:
      '@aws-cdk/asset-awscli-v1': 2.2.292
      '@aws-cdk/asset-node-proxy-agent-v6': 2.1.3
      '@aws-cdk/cloud-assembly-schema': 54.25.0
      constructs: 10.8.1

  aws-cdk@2.1143.0: {}

  constructs@10.8.1: {}
